
Microsoft Visual Studio Solution File, Format Version 12.00
# Visual Studio 2015
Project("{FAE04EC0-301F-11D3-BF4B-00C04F79EFBC}") = "Game2_TrialVersion", "Game2_TrialVersion.csproj", "{CFC678F3-0A30-D0A5-2201-95EDAACDC923}"
EndProject
Global
	GlobalSection(SolutionConfigurationPlatforms) = preSolution
		Debug|Any CPU = Debug|Any CPU
		Release|Any CPU = Release|Any CPU
	EndGlobalSection
	GlobalSection(ProjectConfigurationPlatforms) = postSolution
		{CFC678F3-0A30-D0A5-2201-95EDAACDC923}.Debug|Any CPU.ActiveCfg = Debug|Any CPU
		{CFC678F3-0A30-D0A5-2201-95EDAACDC923}.Debug|Any CPU.Build.0 = Debug|Any CPU
		{CFC678F3-0A30-D0A5-2201-95EDAACDC923}.Release|Any CPU.ActiveCfg = Release|Any CPU
		{CFC678F3-0A30-D0A5-2201-95EDAACDC923}.Release|Any CPU.Build.0 = Release|Any CPU
	EndGlobalSection
	GlobalSection(SolutionProperties) = preSolution
		HideSolutionNode = FALSE
	EndGlobalSection
EndGlobal
